
Microsoft Visual Studio Solution File, Format Version 12.00
# Visual Studio 15
VisualStudioVersion = 15.0.27004.2008
MinimumVisualStudioVersion = 10.0.40219.1
Project("{FAE04EC0-301F-11D3-BF4B-00C04F79EFBC}") = "Algorithms", "Algorithms\Algorithms.csproj", "{DAC44C18-DA47-4D7E-80EF-962B469A48FE}"
EndProject
Global
	GlobalSection(SolutionConfigurationPlatforms) = preSolution
		Debug|Any CPU = Debug|Any CPU
		Release|Any CPU = Release|Any CPU
	EndGlobalSection
	GlobalSection(ProjectConfigurationPlatforms) = postSolution
		{DAC44C18-DA47-4D7E-80EF-962B469A48FE}.Debug|Any CPU.ActiveCfg = Debug|Any CPU
		{DAC44C18-DA47-4D7E-80EF-962B469A48FE}.Debug|Any CPU.Build.0 = Debug|Any CPU
		{DAC44C18-DA47-4D7E-80EF-962B469A48FE}.Release|Any CPU.ActiveCfg = Release|Any CPU
		{DAC44C18-DA47-4D7E-80EF-962B469A48FE}.Release|Any CPU.Build.0 = Release|Any CPU
	EndGlobalSection
	GlobalSection(SolutionProperties) = preSolution
		HideSolutionNode = FALSE
	EndGlobalSection
	GlobalSection(ExtensibilityGlobals) = postSolution
		SolutionGuid = {EF6043F1-3927-4A26-93AB-82872CD94731}
	EndGlobalSection
EndGlobal
